
Microsoft Visual Studio Solution File, Format Version 12.00
# Visual Studio Version 16
VisualStudioVersion = 25.0.1703.8
MinimumVisualStudioVersion = 10.0.40219.1
Project("{FAE04EC0-301F-11D3-BF4B-00C04F79EFBC}") = "SolarDimension.Web", "SolarDimension.Web\SolarDimension.Web.csproj", "{E192BD80-A40B-4F75-B557-3D2D6F6DB365}"
EndProject
Project("{FAE04EC0-301F-11D3-BF4B-00C04F79EFBC}") = "SolarDimension.DAL", "SolarDimension.DAL\SolarDimension.DAL.csproj", "{41E1A85D-B1D1-49C9-823E-330C64998C73}"
EndProject
Project("{FAE04EC0-301F-11D3-BF4B-00C04F79EFBC}") = "SolarDimension.BL", "SolarDimension.BL\SolarDimension.BL.csproj", "{4A99CCD3-3670-4F00-B17A-9326D8F7B6BF}"
EndProject
Global
	GlobalSection(SolutionConfigurationPlatforms) = preSolution
		Debug|Any CPU = Debug|Any CPU
		Release|Any CPU = Release|Any CPU
	EndGlobalSection
	GlobalSection(ProjectConfigurationPlatforms) = postSolution
		{E192BD80-A40B-4F75-B557-3D2D6F6DB365}.Debug|Any CPU.ActiveCfg = Debug|Any CPU
		{E192BD80-A40B-4F75-B557-3D2D6F6DB365}.Debug|Any CPU.Build.0 = Debug|Any CPU
		{E192BD80-A40B-4F75-B557-3D2D6F6DB365}.Release|Any CPU.ActiveCfg = Release|Any CPU
		{E192BD80-A40B-4F75-B557-3D2D6F6DB365}.Release|Any CPU.Build.0 = Release|Any CPU
		{41E1A85D-B1D1-49C9-823E-330C64998C73}.Debug|Any CPU.ActiveCfg = Debug|Any CPU
		{41E1A85D-B1D1-49C9-823E-330C64998C73}.Debug|Any CPU.Build.0 = Debug|Any CPU
		{41E1A85D-B1D1-49C9-823E-330C64998C73}.Release|Any CPU.ActiveCfg = Release|Any CPU
		{41E1A85D-B1D1-49C9-823E-330C64998C73}.Release|Any CPU.Build.0 = Release|Any CPU
		{4A99CCD3-3670-4F00-B17A-9326D8F7B6BF}.Debug|Any CPU.ActiveCfg = Debug|Any CPU
		{4A99CCD3-3670-4F00-B17A-9326D8F7B6BF}.Debug|Any CPU.Build.0 = Debug|Any CPU
		{4A99CCD3-3670-4F00-B17A-9326D8F7B6BF}.Release|Any CPU.ActiveCfg = Release|Any CPU
		{4A99CCD3-3670-4F00-B17A-9326D8F7B6BF}.Release|Any CPU.Build.0 = Release|Any CPU
	EndGlobalSection
	GlobalSection(SolutionProperties) = preSolution
		HideSolutionNode = FALSE
	EndGlobalSection
	GlobalSection(ExtensibilityGlobals) = postSolution
		SolutionGuid = {71CAD10B-B062-41E5-8B2E-5E4261FE1628}
	EndGlobalSection
EndGlobal
